// !$*UTF8*$!
{
	archiveVersion = 1;
	classes = {
	};
	objectVersion = 46;
	objects = {

/* Begin PBXBuildFile section */
		376F152D1A11F8B30024796A /* AppDelegate.swift in Sources */ = {isa = PBXBuildFile; fileRef = 376F152C1A11F8B30024796A /* AppDelegate.swift */; };
		376F152F1A11F8B30024796A /* ViewController.swift in Sources */ = {isa = PBXBuildFile; fileRef = 376F152E1A11F8B30024796A /* ViewController.swift */; };
		376F15321A11F8B30024796A /* Main.storyboard in Resources */ = {isa = PBXBuildFile; fileRef = 376F15301A11F8B30024796A /* Main.storyboard */; };
		376F15341A11F8B30024796A /* Images.xcassets in Resources */ = {isa = PBXBuildFile; fileRef = 376F15331A11F8B30024796A /* Images.xcassets */; };
		376F15371A11F8B30024796A /* LaunchScreen.xib in Resources */ = {isa = PBXBuildFile; fileRef = 376F15351A11F8B30024796A /* LaunchScreen.xib */; };
		376F15431A11F8B30024796A /* PostcardTests.swift in Sources */ = {isa = PBXBuildFile; fileRef = 376F15421A11F8B30024796A /* PostcardTests.swift */; };
		376F154F1A11FF010024796A /* SagradaFamilia.jpeg in Resources */ = {isa = PBXBuildFile; fileRef = 376F154E1A11FF010024796A /* SagradaFamilia.jpeg */; };
		376F15511A1201710024796A /* AlbertEinsteinStamp.jpg in Resources */ = {isa = PBXBuildFile; fileRef = 376F15501A1201710024796A /* AlbertEinsteinStamp.jpg */; };
/* End PBXBuildFile section */

/* Begin PBXContainerItemProxy section */
		376F153D1A11F8B30024796A /* PBXContainerItemProxy */ = {
			isa = PBXContainerItemProxy;
			containerPortal = 376F151F1A11F8B30024796A /* Project object */;
			proxyType = 1;
			remoteGlobalIDString = 376F15261A11F8B30024796A;
			remoteInfo = Postcard;
		};
/* End PBXContainerItemProxy section */

/* Begin PBXFileReference section */
		376F15271A11F8B30024796A /* Postcard.app */ = {isa = PBXFileReference; explicitFileType = wrapper.application; includeInIndex = 0; path = Postcard.app; sourceTree = BUILT_PRODUCTS_DIR; };
		376F152B1A11F8B30024796A /* Info.plist */ = {isa = PBXFileReference; lastKnownFileType = text.plist.xml; path = Info.plist; sourceTree = "<group>"; };
		376F152C1A11F8B30024796A /* AppDelegate.swift */ = {isa = PBXFileReference; lastKnownFileType = sourcecode.swift; path = AppDelegate.swift; sourceTree = "<group>"; };
		376F152E1A11F8B30024796A /* ViewController.swift */ = {isa = PBXFileReference; lastKnownFileType = sourcecode.swift; path = ViewController.swift; sourceTree = "<group>"; };
		376F15311A11F8B30024796A /* Base */ = {isa = PBXFileReference; lastKnownFileType = file.storyboard; name = Base; path = Base.lproj/Main.storyboard; sourceTree = "<group>"; };
		376F15331A11F8B30024796A /* Images.xcassets */ = {isa = PBXFileReference; lastKnownFileType = folder.assetcatalog; path = Images.xcassets; sourceTree = "<group>"; };
		376F15361A11F8B30024796A /* Base */ = {isa = PBXFileReference; lastKnownFileType = file.xib; name = Base; path = Base.lproj/LaunchScreen.xib; sourceTree = "<group>"; };
		376F153C1A11F8B30024796A /* PostcardTests.xctest */ = {isa = PBXFileReference; explicitFileType = wrapper.cfbundle; includeInIndex = 0; path = PostcardTests.xctest; sourceTree = BUILT_PRODUCTS_DIR; };
		376F15411A11F8B30024796A /* Info.plist */ = {isa = PBXFileReference; lastKnownFileType = text.plist.xml; path = Info.plist; sourceTree = "<group>"; };
		376F15421A11F8B30024796A /* PostcardTests.swift */ = {isa = PBXFileReference; lastKnownFileType = sourcecode.swift; path = PostcardTests.swift; sourceTree = "<group>"; };
		376F154E1A11FF010024796A /* SagradaFamilia.jpeg */ = {isa = PBXFileReference; lastKnownFileType = image.jpeg; path = SagradaFamilia.jpeg; sourceTree = "<group>"; };
		376F15501A1201710024796A /* AlbertEinsteinStamp.jpg */ = {isa = PBXFileReference; lastKnownFileType = image.jpeg; path = AlbertEinsteinStamp.jpg; sourceTree = "<group>"; };
/* End PBXFileReference section */

/* Begin PBXFrameworksBuildPhase section */
		376F15241A11F8B30024796A /* Frameworks */ = {
			isa = PBXFrameworksBuildPhase;
			buildActionMask = 2147483647;
			files = (
			);
			runOnlyForDeploymentPostprocessing = 0;
		};
		376F15391A11F8B30024796A /* Frameworks */ = {
			isa = PBXFrameworksBuildPhase;
			buildActionMask = 2147483647;
			files = (
			);
			runOnlyForDeploymentPostprocessing = 0;
		};
/* End PBXFrameworksBuildPhase section */

/* Begin PBXGroup section */
		376F151E1A11F8B30024796A = {
			isa = PBXGroup;
			children = (
				376F15291A11F8B30024796A /* Postcard */,
				376F153F1A11F8B30024796A /* PostcardTests */,
				376F15281A11F8B30024796A /* Products */,
			);
			sourceTree = "<group>";
		};
		376F15281A11F8B30024796A /* Products */ = {
			isa = PBXGroup;
			children = (
				376F15271A11F8B30024796A /* Postcard.app */,
				376F153C1A11F8B30024796A /* PostcardTests.xctest */,
			);
			name = Products;
			sourceTree = "<group>";
		};
		376F15291A11F8B30024796A /* Postcard */ = {
			isa = PBXGroup;
			children = (
				376F152C1A11F8B30024796A /* AppDelegate.swift */,
				376F152E1A11F8B30024796A /* ViewController.swift */,
				376F15301A11F8B30024796A /* Main.storyboard */,
				376F15331A11F8B30024796A /* Images.xcassets */,
				376F15351A11F8B30024796A /* LaunchScreen.xib */,
				376F152A1A11F8B30024796A /* Supporting Files */,
			);
			path = Postcard;
			sourceTree = "<group>";
		};
		376F152A1A11F8B30024796A /* Supporting Files */ = {
			isa = PBXGroup;
			children = (
				376F154E1A11FF010024796A /* SagradaFamilia.jpeg */,
				376F15501A1201710024796A /* AlbertEinsteinStamp.jpg */,
				376F152B1A11F8B30024796A /* Info.plist */,
			);
			name = "Supporting Files";
			sourceTree = "<group>";
		};
		376F153F1A11F8B30024796A /* PostcardTests */ = {
			isa = PBXGroup;
			children = (
				376F15421A11F8B30024796A /* PostcardTests.swift */,
				376F15401A11F8B30024796A /* Supporting Files */,
			);
			path = PostcardTests;
			sourceTree = "<group>";
		};
		376F15401A11F8B30024796A /* Supporting Files */ = {
			isa = PBXGroup;
			children = (
				376F15411A11F8B30024796A /* Info.plist */,
			);
			name = "Supporting Files";
			sourceTree = "<group>";
		};
/* End PBXGroup section */

/* Begin PBXNativeTarget section */
		376F15261A11F8B30024796A /* Postcard */ = {
			isa = PBXNativeTarget;
			buildConfigurationList = 376F15461A11F8B30024796A /* Build configuration list for PBXNativeTarget "Postcard" */;
			buildPhases = (
				376F15231A11F8B30024796A /* Sources */,
				376F15241A11F8B30024796A /* Frameworks */,
				376F15251A11F8B30024796A /* Resources */,
			);
			buildRules = (
			);
			dependencies = (
			);
			name = Postcard;
			productName = Postcard;
			productReference = 376F15271A11F8B30024796A /* Postcard.app */;
			productType = "com.apple.product-type.application";
		};
		376F153B1A11F8B30024796A /* PostcardTests */ = {
			isa = PBXNativeTarget;
			buildConfigurationList = 376F15491A11F8B30024796A /* Build configuration list for PBXNativeTarget "PostcardTests" */;
			buildPhases = (
				376F15381A11F8B30024796A /* Sources */,
				376F15391A11F8B30024796A /* Frameworks */,
				376F153A1A11F8B30024796A /* Resources */,
			);
			buildRules = (
			);
			dependencies = (
				376F153E1A11F8B30024796A /* PBXTargetDependency */,
			);
			name = PostcardTests;
			productName = PostcardTests;
			productReference = 376F153C1A11F8B30024796A /* PostcardTests.xctest */;
			productType = "com.apple.product-type.bundle.unit-test";
		};
/* End PBXNativeTarget section */

/* Begin PBXProject section */
		376F151F1A11F8B30024796A /* Project object */ = {
			isa = PBXProject;
			attributes = {
				LastUpgradeCheck = 0610;
				ORGANIZATIONNAME = 1nageCo;
				TargetAttributes = {
					376F15261A11F8B30024796A = {
						CreatedOnToolsVersion = 6.1;
					};
					376F153B1A11F8B30024796A = {
						CreatedOnToolsVersion = 6.1;
						TestTargetID = 376F15261A11F8B30024796A;
					};
				};
			};
			buildConfigurationList = 376F15221A11F8B30024796A /* Build configuration list for PBXProject "Postcard" */;
			compatibilityVersion = "Xcode 3.2";
			developmentRegion = English;
			hasScannedForEncodings = 0;
			knownRegions = (
				en,
				Base,
			);
			mainGroup = 376F151E1A11F8B30024796A;
			productRefGroup = 376F15281A11F8B30024796A /* Products */;
			projectDirPath = "";
			projectRoot = "";
			targets = (
				376F15261A11F8B30024796A /* Postcard */,
				376F153B1A11F8B30024796A /* PostcardTests */,
			);
		};
/* End PBXProject section */

/* Begin PBXResourcesBuildPhase section */
		376F15251A11F8B30024796A /* Resources */ = {
			isa = PBXResourcesBuildPhase;
			buildActionMask = 2147483647;
			files = (
				376F15321A11F8B30024796A /* Main.storyboard in Resources */,
				376F15371A11F8B30024796A /* LaunchScreen.xib in Resources */,
				376F15511A1201710024796A /* AlbertEinsteinStamp.jpg in Resources */,
				376F15341A11F8B30024796A /* Images.xcassets in Resources */,
				376F154F1A11FF010024796A /* SagradaFamilia.jpeg in Resources */,
			);
			runOnlyForDeploymentPostprocessing = 0;
		};
		376F153A1A11F8B30024796A /* Resources */ = {
			isa = PBXResourcesBuildPhase;
			buildActionMask = 2147483647;
			files = (
			);
			runOnlyForDeploymentPostprocessing = 0;
		};
/* End PBXResourcesBuildPhase section */

/* Begin PBXSourcesBuildPhase section */
		376F15231A11F8B30024796A /* Sources */ = {
			isa = PBXSourcesBuildPhase;
			buildActionMask = 2147483647;
			files = (
				376F152F1A11F8B30024796A /* ViewController.swift in Sources */,
				376F152D1A11F8B30024796A /* AppDelegate.swift in Sources */,
			);
			runOnlyForDeploymentPostprocessing = 0;
		};
		376F15381A11F8B30024796A /* Sources */ = {
			isa = PBXSourcesBuildPhase;
			buildActionMask = 2147483647;
			files = (
				376F15431A11F8B30024796A /* PostcardTests.swift in Sources */,
			);
			runOnlyForDeploymentPostprocessing = 0;
		};
/* End PBXSourcesBuildPhase section */

/* Begin PBXTargetDependency section */
		376F153E1A11F8B30024796A /* PBXTargetDependency */ = {
			isa = PBXTargetDependency;
			target = 376F15261A11F8B30024796A /* Postcard */;
			targetProxy = 376F153D1A11F8B30024796A /* PBXContainerItemProxy */;
		};
/* End PBXTargetDependency section */

/* Begin PBXVariantGroup section */
		376F15301A11F8B30024796A /* Main.storyboard */ = {
			isa = PBXVariantGroup;
			children = (
				376F15311A11F8B30024796A /* Base */,
			);
			name = Main.storyboard;
			sourceTree = "<group>";
		};
		376F15351A11F8B30024796A /* LaunchScreen.xib */ = {
			isa = PBXVariantGroup;
			children = (
				376F15361A11F8B30024796A /* Base */,
			);
			name = LaunchScreen.xib;
			sourceTree = "<group>";
		};
/* End PBXVariantGroup section */

/* Begin XCBuildConfiguration section */
		376F15441A11F8B30024796A /* Debug */ = {
			isa = XCBuildConfiguration;
			buildSettings = {
				ALWAYS_SEARCH_USER_PATHS = NO;
				CLANG_CXX_LANGUAGE_STANDARD = "gnu++0x";
				CLANG_CXX_LIBRARY = "libc++";
				CLANG_ENABLE_MODULES = YES;
				CLANG_ENABLE_OBJC_ARC = YES;
				CLANG_WARN_BOOL_CONVERSION = YES;
				CLANG_WARN_CONSTANT_CONVERSION = YES;
				CLANG_WARN_DIRECT_OBJC_ISA_USAGE = YES_ERROR;
				CLANG_WARN_EMPTY_BODY = YES;
				CLANG_WARN_ENUM_CONVERSION = YES;
				CLANG_WARN_INT_CONVERSION = YES;
				CLANG_WARN_OBJC_ROOT_CLASS = YES_ERROR;
				CLANG_WARN_UNREACHABLE_CODE = YES;
				CLANG_WARN__DUPLICATE_METHOD_MATCH = YES;
				"CODE_SIGN_IDENTITY[sdk=iphoneos*]" = "iPhone Developer";
				COPY_PHASE_STRIP = NO;
				ENABLE_STRICT_OBJC_MSGSEND = YES;
				GCC_C_LANGUAGE_STANDARD = gnu99;
				GCC_DYNAMIC_NO_PIC = NO;
				GCC_OPTIMIZATION_LEVEL = 0;
				GCC_PREPROCESSOR_DEFINITIONS = (
					"DEBUG=1",
					"$(inherited)",
				);
				GCC_SYMBOLS_PRIVATE_EXTERN = NO;
				GCC_WARN_64_TO_32_BIT_CONVERSION = YES;
				GCC_WARN_ABOUT_RETURN_TYPE = YES_ERROR;
				GCC_WARN_UNDECLARED_SELECTOR = YES;
				GCC_WARN_UNINITIALIZED_AUTOS = YES_AGGRESSIVE;
				GCC_WARN_UNUSED_FUNCTION = YES;
				GCC_WARN_UNUSED_VARIABLE = YES;
				IPHONEOS_DEPLOYMENT_TARGET = 8.1;
				MTL_ENABLE_DEBUG_INFO = YES;
				ONLY_ACTIVE_ARCH = YES;
				SDKROOT = iphoneos;
				SWIFT_OPTIMIZATION_LEVEL = "-Onone";
				TARGETED_DEVICE_FAMILY = "1,2";
			};
			name = Debug;
		};
		376F15451A11F8B30024796A /* Release */ = {
			isa = XCBuildConfiguration;
			buildSettings = {
				ALWAYS_SEARCH_USER_PATHS = NO;
				CLANG_CXX_LANGUAGE_STANDARD = "gnu++0x";
				CLANG_CXX_LIBRARY = "libc++";
				CLANG_ENABLE_MODULES = YES;
				CLANG_ENABLE_OBJC_ARC = YES;
				CLANG_WARN_BOOL_CONVERSION = YES;
				CLANG_WARN_CONSTANT_CONVERSION = YES;
				CLANG_WARN_DIRECT_OBJC_ISA_USAGE = YES_ERROR;
				CLANG_WARN_EMPTY_BODY = YES;
				CLANG_WARN_ENUM_CONVERSION = YES;
				CLANG_WARN_INT_CONVERSION = YES;
				CLANG_WARN_OBJC_ROOT_CLASS = YES_ERROR;
				CLANG_WARN_UNREACHABLE_CODE = YES;
				CLANG_WARN__DUPLICATE_METHOD_MATCH = YES;
				"CODE_SIGN_IDENTITY[sdk=iphoneos*]" = "iPhone Developer";
				COPY_PHASE_STRIP = YES;
				ENABLE_NS_ASSERTIONS = NO;
				ENABLE_STRICT_OBJC_MSGSEND = YES;
				GCC_C_LANGUAGE_STANDARD = gnu99;
				GCC_WARN_64_TO_32_BIT_CONVERSION = YES;
				GCC_WARN_ABOUT_RETURN_TYPE = YES_ERROR;
				GCC_WARN_UNDECLARED_SELECTOR = YES;
				GCC_WARN_UNINITIALIZED_AUTOS = YES_AGGRESSIVE;
				GCC_WARN_UNUSED_FUNCTION = YES;
				GCC_WARN_UNUSED_VARIABLE = YES;
				IPHONEOS_DEPLOYMENT_TARGET = 8.1;
				MTL_ENABLE_DEBUG_INFO = NO;
				SDKROOT = iphoneos;
				TARGETED_DEVICE_FAMILY = "1,2";
				VALIDATE_PRODUCT = YES;
			};
			name = Release;
		};
		376F15471A11F8B30024796A /* Debug */ = {
			isa = XCBuildConfiguration;
			buildSettings = {
				ASSETCATALOG_COMPILER_APPICON_NAME = AppIcon;
				INFOPLIST_FILE = Postcard/Info.plist;
				LD_RUNPATH_SEARCH_PATHS = "$(inherited) @executable_path/Frameworks";
				PRODUCT_NAME = "$(TARGET_NAME)";
			};
			name = Debug;
		};
		376F15481A11F8B30024796A /* Release */ = {
			isa = XCBuildConfiguration;
			buildSettings = {
				ASSETCATALOG_COMPILER_APPICON_NAME = AppIcon;
				INFOPLIST_FILE = Postcard/Info.plist;
				LD_RUNPATH_SEARCH_PATHS = "$(inherited) @executable_path/Frameworks";
				PRODUCT_NAME = "$(TARGET_NAME)";
			};
			name = Release;
		};
		376F154A1A11F8B30024796A /* Debug */ = {
			isa = XCBuildConfiguration;
			buildSettings = {
				BUNDLE_LOADER = "$(TEST_HOST)";
				FRAMEWORK_SEARCH_PATHS = (
					"$(SDKROOT)/Developer/Library/Frameworks",
					"$(inherited)",
				);
				GCC_PREPROCESSOR_DEFINITIONS = (
					"DEBUG=1",
					"$(inherited)",
				);
				INFOPLIST_FILE = PostcardTests/Info.plist;
				LD_RUNPATH_SEARCH_PATHS = "$(inherited) @executable_path/Frameworks @loader_path/Frameworks";
				PRODUCT_NAME = "$(TARGET_NAME)";
				TEST_HOST = "$(BUILT_PRODUCTS_DIR)/Postcard.app/Postcard";
			};
			name = Debug;
		};
		376F154B1A11F8B30024796A /* Release */ = {
			isa = XCBuildConfiguration;
			buildSettings = {
				BUNDLE_LOADER = "$(TEST_HOST)";
				FRAMEWORK_SEARCH_PATHS = (
					"$(SDKROOT)/Developer/Library/Frameworks",
					"$(inherited)",
				);
				INFOPLIST_FILE = PostcardTests/Info.plist;
				LD_RUNPATH_SEARCH_PATHS = "$(inherited) @executable_path/Frameworks @loader_path/Frameworks";
				PRODUCT_NAME = "$(TARGET_NAME)";
				TEST_HOST = "$(BUILT_PRODUCTS_DIR)/Postcard.app/Postcard";
			};
			name = Release;
		};
/* End XCBuildConfiguration section */

/* Begin XCConfigurationList section */
		376F15221A11F8B30024796A /* Build configuration list for PBXProject "Postcard" */ = {
			isa = XCConfigurationList;
			buildConfigurations = (
				376F15441A11F8B30024796A /* Debug */,
				376F15451A11F8B30024796A /* Release */,
			);
			defaultConfigurationIsVisible = 0;
			defaultConfigurationName = Release;
		};
		376F15461A11F8B30024796A /* Build configuration list for PBXNativeTarget "Postcard" */ = {
			isa = XCConfigurationList;
			buildConfigurations = (
				376F15471A11F8B30024796A /* Debug */,
				376F15481A11F8B30024796A /* Release */,
			);
			defaultConfigurationIsVisible = 0;
		};
		376F15491A11F8B30024796A /* Build configuration list for PBXNativeTarget "PostcardTests" */ = {
			isa = XCConfigurationList;
			buildConfigurations = (
				376F154A1A11F8B30024796A /* Debug */,
				376F154B1A11F8B30024796A /* Release */,
			);
			defaultConfigurationIsVisible = 0;
		};
/* End XCConfigurationList section */
	};
	rootObject = 376F151F1A11F8B30024796A /* Project object */;
}
